{
    "_readme": [
        "This file locks the dependencies of your project to a known state",
        "Read more about it at https://getcomposer.org/doc/01-basic-usage.md#installing-dependencies",
        "This file is @generated automatically"
    ],
    "content-hash": "df44e287954bdca35375842761eb80d3",
    "packages": [
        {
            "name": "hashids/hashids",
            "version": "4.0.0",
            "source": {
                "type": "git",
                "url": "https://github.com/vinkla/hashids.git",
                "reference": "43bb2407f16a631f0128f47bcb67ff986c63dde2"
            },
            "dist": {
                "type": "zip",
                "url": "https://api.github.com/repos/vinkla/hashids/zipball/43bb2407f16a631f0128f47bcb67ff986c63dde2",
                "reference": "43bb2407f16a631f0128f47bcb67ff986c63dde2",
                "shasum": ""
            },
            "require": {
                "ext-mbstring": "*",
                "php": "^7.2"
            },
            "require-dev": {
                "phpunit/phpunit": "^8.0"
            },
            "suggest": {
                "ext-bcmath": "Required to use BC Math arbitrary precision mathematics (*).",
                "ext-gmp": "Required to use GNU multiple precision mathematics (*)."
            },
            "type": "library",
            "extra": {
                "branch-alias": {
                    "dev-master": "4.0-dev"
                }
            },
            "autoload": {
                "psr-4": {
                    "Hashids\\": "src/"
                }
            },
            "notification-url": "https://packagist.org/downloads/",
            "license": [
                "MIT"
            ],
            "authors": [
                {
                    "name": "Ivan Akimov",
                    "email": "ivan@barreleye.com",
                    "homepage": "https://twitter.com/IvanAkimov"
                },
                {
                    "name": "Vincent Klaiber",
                    "email": "hello@doubledip.se",
                    "homepage": "https://doubledip.se"
                }
            ],
            "description": "Generate short, unique, non-sequential ids (like YouTube and Bitly) from numbers",
            "homepage": "http://hashids.org/php",
            "keywords": [
                "bitly",
                "decode",
                "encode",
                "hash",
                "hashid",
                "hashids",
                "ids",
                "obfuscate",
                "youtube"
            ],
            "time": "2019-04-03T13:40:29+00:00"
        }
    ],
    "packages-dev": [],
    "aliases": [],
    "minimum-stability": "stable",
    "stability-flags": [],
    "prefer-stable": false,
    "prefer-lowest": false,
    "platform": [],
    "platform-dev": []
}
